// !$*UTF8*$!
{
	archiveVersion = 1;
	classes = {
	};
	objectVersion = 46;
	objects = {

/* Begin PBXBuildFile section */
		A154F6F71EFC87AC00A9C685 /* vcMain.swift in Sources */ = {isa = PBXBuildFile; fileRef = A154F6F61EFC87AC00A9C685 /* vcMain.swift */; };
		A154F6FB1EFCA45800A9C685 /* Model.xcdatamodeld in Sources */ = {isa = PBXBuildFile; fileRef = A154F6F91EFCA45800A9C685 /* Model.xcdatamodeld */; };
		A176F13E1EF91BF600F23CA0 /* AppDelegate.swift in Sources */ = {isa = PBXBuildFile; fileRef = A176F13D1EF91BF600F23CA0 /* AppDelegate.swift */; };
		A176F1401EF91BF600F23CA0 /* ViewController.swift in Sources */ = {isa = PBXBuildFile; fileRef = A176F13F1EF91BF600F23CA0 /* ViewController.swift */; };
		A176F1431EF91BF600F23CA0 /* Main.storyboard in Resources */ = {isa = PBXBuildFile; fileRef = A176F1411EF91BF600F23CA0 /* Main.storyboard */; };
		A176F1451EF91BF600F23CA0 /* Assets.xcassets in Resources */ = {isa = PBXBuildFile; fileRef = A176F1441EF91BF600F23CA0 /* Assets.xcassets */; };
		A176F1481EF91BF600F23CA0 /* LaunchScreen.storyboard in Resources */ = {isa = PBXBuildFile; fileRef = A176F1461EF91BF600F23CA0 /* LaunchScreen.storyboard */; };
		A18412941F0021B900C2F074 /* TableViewController.swift in Sources */ = {isa = PBXBuildFile; fileRef = A18412931F0021B900C2F074 /* TableViewController.swift */; };
		A18698A31EFC7B520098C19D /* Storyboard.storyboard in Resources */ = {isa = PBXBuildFile; fileRef = A18698A21EFC7B520098C19D /* Storyboard.storyboard */; };
/* End PBXBuildFile section */

/* Begin PBXFileReference section */
		A154F6F61EFC87AC00A9C685 /* vcMain.swift */ = {isa = PBXFileReference; fileEncoding = 4; lastKnownFileType = sourcecode.swift; path = vcMain.swift; sourceTree = "<group>"; };
		A154F6FA1EFCA45800A9C685 /* Model.xcdatamodel */ = {isa = PBXFileReference; lastKnownFileType = wrapper.xcdatamodel; path = Model.xcdatamodel; sourceTree = "<group>"; };
		A176F13A1EF91BF600F23CA0 /* basic-Swift-app.app */ = {isa = PBXFileReference; explicitFileType = wrapper.application; includeInIndex = 0; path = "basic-Swift-app.app"; sourceTree = BUILT_PRODUCTS_DIR; };
		A176F13D1EF91BF600F23CA0 /* AppDelegate.swift */ = {isa = PBXFileReference; lastKnownFileType = sourcecode.swift; path = AppDelegate.swift; sourceTree = "<group>"; };
		A176F13F1EF91BF600F23CA0 /* ViewController.swift */ = {isa = PBXFileReference; lastKnownFileType = sourcecode.swift; path = ViewController.swift; sourceTree = "<group>"; };
		A176F1421EF91BF600F23CA0 /* Base */ = {isa = PBXFileReference; lastKnownFileType = file.storyboard; name = Base; path = Base.lproj/Main.storyboard; sourceTree = "<group>"; };
		A176F1441EF91BF600F23CA0 /* Assets.xcassets */ = {isa = PBXFileReference; lastKnownFileType = folder.assetcatalog; path = Assets.xcassets; sourceTree = "<group>"; };
		A176F1471EF91BF600F23CA0 /* Base */ = {isa = PBXFileReference; lastKnownFileType = file.storyboard; name = Base; path = Base.lproj/LaunchScreen.storyboard; sourceTree = "<group>"; };
		A176F1491EF91BF600F23CA0 /* Info.plist */ = {isa = PBXFileReference; lastKnownFileType = text.plist.xml; path = Info.plist; sourceTree = "<group>"; };
		A18412931F0021B900C2F074 /* TableViewController.swift */ = {isa = PBXFileReference; fileEncoding = 4; lastKnownFileType = sourcecode.swift; path = TableViewController.swift; sourceTree = "<group>"; };
		A18698A21EFC7B520098C19D /* Storyboard.storyboard */ = {isa = PBXFileReference; fileEncoding = 4; lastKnownFileType = file.storyboard; path = Storyboard.storyboard; sourceTree = "<group>"; };
/* End PBXFileReference section */

/* Begin PBXFrameworksBuildPhase section */
		A176F1371EF91BF600F23CA0 /* Frameworks */ = {
			isa = PBXFrameworksBuildPhase;
			buildActionMask = 2147483647;
			files = (
			);
			runOnlyForDeploymentPostprocessing = 0;
		};
/* End PBXFrameworksBuildPhase section */

/* Begin PBXGroup section */
		A176F1311EF91BF600F23CA0 = {
			isa = PBXGroup;
			children = (
				A176F13C1EF91BF600F23CA0 /* basic-Swift-app */,
				A176F13B1EF91BF600F23CA0 /* Products */,
			);
			sourceTree = "<group>";
			wrapsLines = 0;
		};
		A176F13B1EF91BF600F23CA0 /* Products */ = {
			isa = PBXGroup;
			children = (
				A176F13A1EF91BF600F23CA0 /* basic-Swift-app.app */,
			);
			name = Products;
			sourceTree = "<group>";
		};
		A176F13C1EF91BF600F23CA0 /* basic-Swift-app */ = {
			isa = PBXGroup;
			children = (
				A154F6F91EFCA45800A9C685 /* Model.xcdatamodeld */,
				A176F13D1EF91BF600F23CA0 /* AppDelegate.swift */,
				A176F13F1EF91BF600F23CA0 /* ViewController.swift */,
				A176F1411EF91BF600F23CA0 /* Main.storyboard */,
				A176F1441EF91BF600F23CA0 /* Assets.xcassets */,
				A176F1461EF91BF600F23CA0 /* LaunchScreen.storyboard */,
				A176F1491EF91BF600F23CA0 /* Info.plist */,
				A18698A21EFC7B520098C19D /* Storyboard.storyboard */,
				A154F6F61EFC87AC00A9C685 /* vcMain.swift */,
				A18412931F0021B900C2F074 /* TableViewController.swift */,
			);
			path = "basic-Swift-app";
			sourceTree = "<group>";
		};
/* End PBXGroup section */

/* Begin PBXNativeTarget section */
		A176F1391EF91BF600F23CA0 /* basic-Swift-app */ = {
			isa = PBXNativeTarget;
			buildConfigurationList = A176F14C1EF91BF600F23CA0 /* Build configuration list for PBXNativeTarget "basic-Swift-app" */;
			buildPhases = (
				A176F1361EF91BF600F23CA0 /* Sources */,
				A176F1371EF91BF600F23CA0 /* Frameworks */,
				A176F1381EF91BF600F23CA0 /* Resources */,
			);
			buildRules = (
			);
			dependencies = (
			);
			name = "basic-Swift-app";
			productName = "basic-Swift-app";
			productReference = A176F13A1EF91BF600F23CA0 /* basic-Swift-app.app */;
			productType = "com.apple.product-type.application";
		};
/* End PBXNativeTarget section */

/* Begin PBXProject section */
		A176F1321EF91BF600F23CA0 /* Project object */ = {
			isa = PBXProject;
			attributes = {
				LastSwiftUpdateCheck = 0830;
				LastUpgradeCheck = 0830;
				ORGANIZATIONNAME = fredwinrosales;
				TargetAttributes = {
					A176F1391EF91BF600F23CA0 = {
						CreatedOnToolsVersion = 8.3.3;
						DevelopmentTeam = VPKF4CEGZ9;
						ProvisioningStyle = Automatic;
					};
				};
			};
			buildConfigurationList = A176F1351EF91BF600F23CA0 /* Build configuration list for PBXProject "basic-Swift-app" */;
			compatibilityVersion = "Xcode 3.2";
			developmentRegion = English;
			hasScannedForEncodings = 0;
			knownRegions = (
				en,
				Base,
			);
			mainGroup = A176F1311EF91BF600F23CA0;
			productRefGroup = A176F13B1EF91BF600F23CA0 /* Products */;
			projectDirPath = "";
			projectRoot = "";
			targets = (
				A176F1391EF91BF600F23CA0 /* basic-Swift-app */,
			);
		};
/* End PBXProject section */

/* Begin PBXResourcesBuildPhase section */
		A176F1381EF91BF600F23CA0 /* Resources */ = {
			isa = PBXResourcesBuildPhase;
			buildActionMask = 2147483647;
			files = (
				A176F1481EF91BF600F23CA0 /* LaunchScreen.storyboard in Resources */,
				A18698A31EFC7B520098C19D /* Storyboard.storyboard in Resources */,
				A176F1451EF91BF600F23CA0 /* Assets.xcassets in Resources */,
				A176F1431EF91BF600F23CA0 /* Main.storyboard in Resources */,
			);
			runOnlyForDeploymentPostprocessing = 0;
		};
/* End PBXResourcesBuildPhase section */

/* Begin PBXSourcesBuildPhase section */
		A176F1361EF91BF600F23CA0 /* Sources */ = {
			isa = PBXSourcesBuildPhase;
			buildActionMask = 2147483647;
			files = (
				A176F1401EF91BF600F23CA0 /* ViewController.swift in Sources */,
				A154F6F71EFC87AC00A9C685 /* vcMain.swift in Sources */,
				A176F13E1EF91BF600F23CA0 /* AppDelegate.swift in Sources */,
				A18412941F0021B900C2F074 /* TableViewController.swift in Sources */,
				A154F6FB1EFCA45800A9C685 /* Model.xcdatamodeld in Sources */,
			);
			runOnlyForDeploymentPostprocessing = 0;
		};
/* End PBXSourcesBuildPhase section */

/* Begin PBXVariantGroup section */
		A176F1411EF91BF600F23CA0 /* Main.storyboard */ = {
			isa = PBXVariantGroup;
			children = (
				A176F1421EF91BF600F23CA0 /* Base */,
			);
			name = Main.storyboard;
			sourceTree = "<group>";
		};
		A176F1461EF91BF600F23CA0 /* LaunchScreen.storyboard */ = {
			isa = PBXVariantGroup;
			children = (
				A176F1471EF91BF600F23CA0 /* Base */,
			);
			name = LaunchScreen.storyboard;
			sourceTree = "<group>";
		};
/* End PBXVariantGroup section */

/* Begin XCBuildConfiguration section */
		A176F14A1EF91BF600F23CA0 /* Debug */ = {
			isa = XCBuildConfiguration;
			buildSettings = {
				ALWAYS_SEARCH_USER_PATHS = NO;
				CLANG_ANALYZER_NONNULL = YES;
				CLANG_ANALYZER_NUMBER_OBJECT_CONVERSION = YES_AGGRESSIVE;
				CLANG_CXX_LANGUAGE_STANDARD = "gnu++0x";
				CLANG_CXX_LIBRARY = "libc++";
				CLANG_ENABLE_MODULES = YES;
				CLANG_ENABLE_OBJC_ARC = YES;
				CLANG_WARN_BOOL_CONVERSION = YES;
				CLANG_WARN_CONSTANT_CONVERSION = YES;
				CLANG_WARN_DIRECT_OBJC_ISA_USAGE = YES_ERROR;
				CLANG_WARN_DOCUMENTATION_COMMENTS = YES;
				CLANG_WARN_EMPTY_BODY = YES;
				CLANG_WARN_ENUM_CONVERSION = YES;
				CLANG_WARN_INFINITE_RECURSION = YES;
				CLANG_WARN_INT_CONVERSION = YES;
				CLANG_WARN_OBJC_ROOT_CLASS = YES_ERROR;
				CLANG_WARN_SUSPICIOUS_MOVE = YES;
				CLANG_WARN_UNREACHABLE_CODE = YES;
				CLANG_WARN__DUPLICATE_METHOD_MATCH = YES;
				"CODE_SIGN_IDENTITY[sdk=iphoneos*]" = "iPhone Developer";
				COPY_PHASE_STRIP = NO;
				DEBUG_INFORMATION_FORMAT = dwarf;
				ENABLE_STRICT_OBJC_MSGSEND = YES;
				ENABLE_TESTABILITY = YES;
				GCC_C_LANGUAGE_STANDARD = gnu99;
				GCC_DYNAMIC_NO_PIC = NO;
				GCC_NO_COMMON_BLOCKS = YES;
				GCC_OPTIMIZATION_LEVEL = 0;
				GCC_PREPROCESSOR_DEFINITIONS = (
					"DEBUG=1",
					"$(inherited)",
				);
				GCC_WARN_64_TO_32_BIT_CONVERSION = YES;
				GCC_WARN_ABOUT_RETURN_TYPE = YES_ERROR;
				GCC_WARN_UNDECLARED_SELECTOR = YES;
				GCC_WARN_UNINITIALIZED_AUTOS = YES_AGGRESSIVE;
				GCC_WARN_UNUSED_FUNCTION = YES;
				GCC_WARN_UNUSED_VARIABLE = YES;
				IPHONEOS_DEPLOYMENT_TARGET = 10.3;
				MTL_ENABLE_DEBUG_INFO = YES;
				ONLY_ACTIVE_ARCH = YES;
				SDKROOT = iphoneos;
				SWIFT_ACTIVE_COMPILATION_CONDITIONS = DEBUG;
				SWIFT_OPTIMIZATION_LEVEL = "-Onone";
			};
			name = Debug;
		};
		A176F14B1EF91BF600F23CA0 /* Release */ = {
			isa = XCBuildConfiguration;
			buildSettings = {
				ALWAYS_SEARCH_USER_PATHS = NO;
				CLANG_ANALYZER_NONNULL = YES;
				CLANG_ANALYZER_NUMBER_OBJECT_CONVERSION = YES_AGGRESSIVE;
				CLANG_CXX_LANGUAGE_STANDARD = "gnu++0x";
				CLANG_CXX_LIBRARY = "libc++";
				CLANG_ENABLE_MODULES = YES;
				CLANG_ENABLE_OBJC_ARC = YES;
				CLANG_WARN_BOOL_CONVERSION = YES;
				CLANG_WARN_CONSTANT_CONVERSION = YES;
				CLANG_WARN_DIRECT_OBJC_ISA_USAGE = YES_ERROR;
				CLANG_WARN_DOCUMENTATION_COMMENTS = YES;
				CLANG_WARN_EMPTY_BODY = YES;
				CLANG_WARN_ENUM_CONVERSION = YES;
				CLANG_WARN_INFINITE_RECURSION = YES;
				CLANG_WARN_INT_CONVERSION = YES;
				CLANG_WARN_OBJC_ROOT_CLASS = YES_ERROR;
				CLANG_WARN_SUSPICIOUS_MOVE = YES;
				CLANG_WARN_UNREACHABLE_CODE = YES;
				CLANG_WARN__DUPLICATE_METHOD_MATCH = YES;
				"CODE_SIGN_IDENTITY[sdk=iphoneos*]" = "iPhone Developer";
				COPY_PHASE_STRIP = NO;
				DEBUG_INFORMATION_FORMAT = "dwarf-with-dsym";
				ENABLE_NS_ASSERTIONS = NO;
				ENABLE_STRICT_OBJC_MSGSEND = YES;
				GCC_C_LANGUAGE_STANDARD = gnu99;
				GCC_NO_COMMON_BLOCKS = YES;
				GCC_WARN_64_TO_32_BIT_CONVERSION = YES;
				GCC_WARN_ABOUT_RETURN_TYPE = YES_ERROR;
				GCC_WARN_UNDECLARED_SELECTOR = YES;
				GCC_WARN_UNINITIALIZED_AUTOS = YES_AGGRESSIVE;
				GCC_WARN_UNUSED_FUNCTION = YES;
				GCC_WARN_UNUSED_VARIABLE = YES;
				IPHONEOS_DEPLOYMENT_TARGET = 10.3;
				MTL_ENABLE_DEBUG_INFO = NO;
				SDKROOT = iphoneos;
				SWIFT_OPTIMIZATION_LEVEL = "-Owholemodule";
				VALIDATE_PRODUCT = YES;
			};
			name = Release;
		};
		A176F14D1EF91BF600F23CA0 /* Debug */ = {
			isa = XCBuildConfiguration;
			buildSettings = {
				ASSETCATALOG_COMPILER_APPICON_NAME = AppIcon;
				DEVELOPMENT_TEAM = VPKF4CEGZ9;
				INFOPLIST_FILE = "basic-Swift-app/Info.plist";
				LD_RUNPATH_SEARCH_PATHS = "$(inherited) @executable_path/Frameworks";
				PRODUCT_BUNDLE_IDENTIFIER = "com.basic.app.basic-Swift-app";
				PRODUCT_NAME = "$(TARGET_NAME)";
				SWIFT_VERSION = 3.0;
			};
			name = Debug;
		};
		A176F14E1EF91BF600F23CA0 /* Release */ = {
			isa = XCBuildConfiguration;
			buildSettings = {
				ASSETCATALOG_COMPILER_APPICON_NAME = AppIcon;
				DEVELOPMENT_TEAM = VPKF4CEGZ9;
				INFOPLIST_FILE = "basic-Swift-app/Info.plist";
				LD_RUNPATH_SEARCH_PATHS = "$(inherited) @executable_path/Frameworks";
				PRODUCT_BUNDLE_IDENTIFIER = "com.basic.app.basic-Swift-app";
				PRODUCT_NAME = "$(TARGET_NAME)";
				SWIFT_VERSION = 3.0;
			};
			name = Release;
		};
/* End XCBuildConfiguration section */

/* Begin XCConfigurationList section */
		A176F1351EF91BF600F23CA0 /* Build configuration list for PBXProject "basic-Swift-app" */ = {
			isa = XCConfigurationList;
			buildConfigurations = (
				A176F14A1EF91BF600F23CA0 /* Debug */,
				A176F14B1EF91BF600F23CA0 /* Release */,
			);
			defaultConfigurationIsVisible = 0;
			defaultConfigurationName = Release;
		};
		A176F14C1EF91BF600F23CA0 /* Build configuration list for PBXNativeTarget "basic-Swift-app" */ = {
			isa = XCConfigurationList;
			buildConfigurations = (
				A176F14D1EF91BF600F23CA0 /* Debug */,
				A176F14E1EF91BF600F23CA0 /* Release */,
			);
			defaultConfigurationIsVisible = 0;
			defaultConfigurationName = Release;
		};
/* End XCConfigurationList section */

/* Begin XCVersionGroup section */
		A154F6F91EFCA45800A9C685 /* Model.xcdatamodeld */ = {
			isa = XCVersionGroup;
			children = (
				A154F6FA1EFCA45800A9C685 /* Model.xcdatamodel */,
			);
			currentVersion = A154F6FA1EFCA45800A9C685 /* Model.xcdatamodel */;
			path = Model.xcdatamodeld;
			sourceTree = "<group>";
			versionGroupType = wrapper.xcdatamodel;
		};
/* End XCVersionGroup section */
	};
	rootObject = A176F1321EF91BF600F23CA0 /* Project object */;
}
